// !$*UTF8*$!
{
	archiveVersion = 1;
	classes = {
	};
	objectVersion = 46;
	objects = {

/* Begin PBXBuildFile section */
		947FC3C81C2A838B00CBCFA7 /* main.m in Sources */ = {isa = PBXBuildFile; fileRef = 947FC3C71C2A838B00CBCFA7 /* main.m */; };
		947FC3CB1C2A838B00CBCFA7 /* AppDelegate.m in Sources */ = {isa = PBXBuildFile; fileRef = 947FC3CA1C2A838B00CBCFA7 /* AppDelegate.m */; };
		947FC3CE1C2A838B00CBCFA7 /* ViewController.m in Sources */ = {isa = PBXBuildFile; fileRef = 947FC3CD1C2A838B00CBCFA7 /* ViewController.m */; };
		947FC3D11C2A838B00CBCFA7 /* Main.storyboard in Resources */ = {isa = PBXBuildFile; fileRef = 947FC3CF1C2A838B00CBCFA7 /* Main.storyboard */; };
		947FC3D31C2A838B00CBCFA7 /* Assets.xcassets in Resources */ = {isa = PBXBuildFile; fileRef = 947FC3D21C2A838B00CBCFA7 /* Assets.xcassets */; };
		947FC3D61C2A838B00CBCFA7 /* LaunchScreen.storyboard in Resources */ = {isa = PBXBuildFile; fileRef = 947FC3D41C2A838B00CBCFA7 /* LaunchScreen.storyboard */; };
/* End PBXBuildFile section */

/* Begin PBXFileReference section */
		947FC3C31C2A838B00CBCFA7 /* UmengShareDemo.app */ = {isa = PBXFileReference; explicitFileType = wrapper.application; includeInIndex = 0; path = UmengShareDemo.app; sourceTree = BUILT_PRODUCTS_DIR; };
		947FC3C71C2A838B00CBCFA7 /* main.m */ = {isa = PBXFileReference; lastKnownFileType = sourcecode.c.objc; path = main.m; sourceTree = "<group>"; };
		947FC3C91C2A838B00CBCFA7 /* AppDelegate.h */ = {isa = PBXFileReference; lastKnownFileType = sourcecode.c.h; path = AppDelegate.h; sourceTree = "<group>"; };
		947FC3CA1C2A838B00CBCFA7 /* AppDelegate.m */ = {isa = PBXFileReference; lastKnownFileType = sourcecode.c.objc; path = AppDelegate.m; sourceTree = "<group>"; };
		947FC3CC1C2A838B00CBCFA7 /* ViewController.h */ = {isa = PBXFileReference; lastKnownFileType = sourcecode.c.h; path = ViewController.h; sourceTree = "<group>"; };
		947FC3CD1C2A838B00CBCFA7 /* ViewController.m */ = {isa = PBXFileReference; lastKnownFileType = sourcecode.c.objc; path = ViewController.m; sourceTree = "<group>"; };
		947FC3D01C2A838B00CBCFA7 /* Base */ = {isa = PBXFileReference; lastKnownFileType = file.storyboard; name = Base; path = Base.lproj/Main.storyboard; sourceTree = "<group>"; };
		947FC3D21C2A838B00CBCFA7 /* Assets.xcassets */ = {isa = PBXFileReference; lastKnownFileType = folder.assetcatalog; path = Assets.xcassets; sourceTree = "<group>"; };
		947FC3D51C2A838B00CBCFA7 /* Base */ = {isa = PBXFileReference; lastKnownFileType = file.storyboard; name = Base; path = Base.lproj/LaunchScreen.storyboard; sourceTree = "<group>"; };
		947FC3D71C2A838B00CBCFA7 /* Info.plist */ = {isa = PBXFileReference; lastKnownFileType = text.plist.xml; path = Info.plist; sourceTree = "<group>"; };
/* End PBXFileReference section */

/* Begin PBXFrameworksBuildPhase section */
		947FC3C01C2A838B00CBCFA7 /* Frameworks */ = {
			isa = PBXFrameworksBuildPhase;
			buildActionMask = 2147483647;
			files = (
			);
			runOnlyForDeploymentPostprocessing = 0;
		};
/* End PBXFrameworksBuildPhase section */

/* Begin PBXGroup section */
		947FC3BA1C2A838B00CBCFA7 = {
			isa = PBXGroup;
			children = (
				947FC3C51C2A838B00CBCFA7 /* UmengShareDemo */,
				947FC3C41C2A838B00CBCFA7 /* Products */,
			);
			sourceTree = "<group>";
		};
		947FC3C41C2A838B00CBCFA7 /* Products */ = {
			isa = PBXGroup;
			children = (
				947FC3C31C2A838B00CBCFA7 /* UmengShareDemo.app */,
			);
			name = Products;
			sourceTree = "<group>";
		};
		947FC3C51C2A838B00CBCFA7 /* UmengShareDemo */ = {
			isa = PBXGroup;
			children = (
				947FC3C91C2A838B00CBCFA7 /* AppDelegate.h */,
				947FC3CA1C2A838B00CBCFA7 /* AppDelegate.m */,
				947FC3CC1C2A838B00CBCFA7 /* ViewController.h */,
				947FC3CD1C2A838B00CBCFA7 /* ViewController.m */,
				947FC3CF1C2A838B00CBCFA7 /* Main.storyboard */,
				947FC3D21C2A838B00CBCFA7 /* Assets.xcassets */,
				947FC3D41C2A838B00CBCFA7 /* LaunchScreen.storyboard */,
				947FC3D71C2A838B00CBCFA7 /* Info.plist */,
				947FC3C61C2A838B00CBCFA7 /* Supporting Files */,
			);
			path = UmengShareDemo;
			sourceTree = "<group>";
		};
		947FC3C61C2A838B00CBCFA7 /* Supporting Files */ = {
			isa = PBXGroup;
			children = (
				947FC3C71C2A838B00CBCFA7 /* main.m */,
			);
			name = "Supporting Files";
			sourceTree = "<group>";
		};
/* End PBXGroup section */

/* Begin PBXNativeTarget section */
		947FC3C21C2A838B00CBCFA7 /* UmengShareDemo */ = {
			isa = PBXNativeTarget;
			buildConfigurationList = 947FC3DA1C2A838B00CBCFA7 /* Build configuration list for PBXNativeTarget "UmengShareDemo" */;
			buildPhases = (
				947FC3BF1C2A838B00CBCFA7 /* Sources */,
				947FC3C01C2A838B00CBCFA7 /* Frameworks */,
				947FC3C11C2A838B00CBCFA7 /* Resources */,
			);
			buildRules = (
			);
			dependencies = (
			);
			name = UmengShareDemo;
			productName = UmengShareDemo;
			productReference = 947FC3C31C2A838B00CBCFA7 /* UmengShareDemo.app */;
			productType = "com.apple.product-type.application";
		};
/* End PBXNativeTarget section */

/* Begin PBXProject section */
		947FC3BB1C2A838B00CBCFA7 /* Project object */ = {
			isa = PBXProject;
			attributes = {
				LastUpgradeCheck = 0710;
				ORGANIZATIONNAME = wxy;
				TargetAttributes = {
					947FC3C21C2A838B00CBCFA7 = {
						CreatedOnToolsVersion = 7.1.1;
						DevelopmentTeam = 5B3S3625HB;
					};
				};
			};
			buildConfigurationList = 947FC3BE1C2A838B00CBCFA7 /* Build configuration list for PBXProject "UmengShareDemo" */;
			compatibilityVersion = "Xcode 3.2";
			developmentRegion = English;
			hasScannedForEncodings = 0;
			knownRegions = (
				en,
				Base,
			);
			mainGroup = 947FC3BA1C2A838B00CBCFA7;
			productRefGroup = 947FC3C41C2A838B00CBCFA7 /* Products */;
			projectDirPath = "";
			projectRoot = "";
			targets = (
				947FC3C21C2A838B00CBCFA7 /* UmengShareDemo */,
			);
		};
/* End PBXProject section */

/* Begin PBXResourcesBuildPhase section */
		947FC3C11C2A838B00CBCFA7 /* Resources */ = {
			isa = PBXResourcesBuildPhase;
			buildActionMask = 2147483647;
			files = (
				947FC3D61C2A838B00CBCFA7 /* LaunchScreen.storyboard in Resources */,
				947FC3D31C2A838B00CBCFA7 /* Assets.xcassets in Resources */,
				947FC3D11C2A838B00CBCFA7 /* Main.storyboard in Resources */,
			);
			runOnlyForDeploymentPostprocessing = 0;
		};
/* End PBXResourcesBuildPhase section */

/* Begin PBXSourcesBuildPhase section */
		947FC3BF1C2A838B00CBCFA7 /* Sources */ = {
			isa = PBXSourcesBuildPhase;
			buildActionMask = 2147483647;
			files = (
				947FC3CE1C2A838B00CBCFA7 /* ViewController.m in Sources */,
				947FC3CB1C2A838B00CBCFA7 /* AppDelegate.m in Sources */,
				947FC3C81C2A838B00CBCFA7 /* main.m in Sources */,
			);
			runOnlyForDeploymentPostprocessing = 0;
		};
/* End PBXSourcesBuildPhase section */

/* Begin PBXVariantGroup section */
		947FC3CF1C2A838B00CBCFA7 /* Main.storyboard */ = {
			isa = PBXVariantGroup;
			children = (
				947FC3D01C2A838B00CBCFA7 /* Base */,
			);
			name = Main.storyboard;
			sourceTree = "<group>";
		};
		947FC3D41C2A838B00CBCFA7 /* LaunchScreen.storyboard */ = {
			isa = PBXVariantGroup;
			children = (
				947FC3D51C2A838B00CBCFA7 /* Base */,
			);
			name = LaunchScreen.storyboard;
			sourceTree = "<group>";
		};
/* End PBXVariantGroup section */

/* Begin XCBuildConfiguration section */
		947FC3D81C2A838B00CBCFA7 /* Debug */ = {
			isa = XCBuildConfiguration;
			buildSettings = {
				ALWAYS_SEARCH_USER_PATHS = NO;
				CLANG_CXX_LANGUAGE_STANDARD = "gnu++0x";
				CLANG_CXX_LIBRARY = "libc++";
				CLANG_ENABLE_MODULES = YES;
				CLANG_ENABLE_OBJC_ARC = YES;
				CLANG_WARN_BOOL_CONVERSION = YES;
				CLANG_WARN_CONSTANT_CONVERSION = YES;
				CLANG_WARN_DIRECT_OBJC_ISA_USAGE = YES_ERROR;
				CLANG_WARN_EMPTY_BODY = YES;
				CLANG_WARN_ENUM_CONVERSION = YES;
				CLANG_WARN_INT_CONVERSION = YES;
				CLANG_WARN_OBJC_ROOT_CLASS = YES_ERROR;
				CLANG_WARN_UNREACHABLE_CODE = YES;
				CLANG_WARN__DUPLICATE_METHOD_MATCH = YES;
				"CODE_SIGN_IDENTITY[sdk=iphoneos*]" = "iPhone Developer";
				COPY_PHASE_STRIP = NO;
				DEBUG_INFORMATION_FORMAT = dwarf;
				ENABLE_STRICT_OBJC_MSGSEND = YES;
				ENABLE_TESTABILITY = YES;
				GCC_C_LANGUAGE_STANDARD = gnu99;
				GCC_DYNAMIC_NO_PIC = NO;
				GCC_NO_COMMON_BLOCKS = YES;
				GCC_OPTIMIZATION_LEVEL = 0;
				GCC_PREPROCESSOR_DEFINITIONS = (
					"DEBUG=1",
					"$(inherited)",
				);
				GCC_WARN_64_TO_32_BIT_CONVERSION = YES;
				GCC_WARN_ABOUT_RETURN_TYPE = YES_ERROR;
				GCC_WARN_UNDECLARED_SELECTOR = YES;
				GCC_WARN_UNINITIALIZED_AUTOS = YES_AGGRESSIVE;
				GCC_WARN_UNUSED_FUNCTION = YES;
				GCC_WARN_UNUSED_VARIABLE = YES;
				IPHONEOS_DEPLOYMENT_TARGET = 9.1;
				MTL_ENABLE_DEBUG_INFO = YES;
				ONLY_ACTIVE_ARCH = YES;
				SDKROOT = iphoneos;
				TARGETED_DEVICE_FAMILY = "1,2";
			};
			name = Debug;
		};
		947FC3D91C2A838B00CBCFA7 /* Release */ = {
			isa = XCBuildConfiguration;
			buildSettings = {
				ALWAYS_SEARCH_USER_PATHS = NO;
				CLANG_CXX_LANGUAGE_STANDARD = "gnu++0x";
				CLANG_CXX_LIBRARY = "libc++";
				CLANG_ENABLE_MODULES = YES;
				CLANG_ENABLE_OBJC_ARC = YES;
				CLANG_WARN_BOOL_CONVERSION = YES;
				CLANG_WARN_CONSTANT_CONVERSION = YES;
				CLANG_WARN_DIRECT_OBJC_ISA_USAGE = YES_ERROR;
				CLANG_WARN_EMPTY_BODY = YES;
				CLANG_WARN_ENUM_CONVERSION = YES;
				CLANG_WARN_INT_CONVERSION = YES;
				CLANG_WARN_OBJC_ROOT_CLASS = YES_ERROR;
				CLANG_WARN_UNREACHABLE_CODE = YES;
				CLANG_WARN__DUPLICATE_METHOD_MATCH = YES;
				"CODE_SIGN_IDENTITY[sdk=iphoneos*]" = "iPhone Developer";
				COPY_PHASE_STRIP = NO;
				DEBUG_INFORMATION_FORMAT = "dwarf-with-dsym";
				ENABLE_NS_ASSERTIONS = NO;
				ENABLE_STRICT_OBJC_MSGSEND = YES;
				GCC_C_LANGUAGE_STANDARD = gnu99;
				GCC_NO_COMMON_BLOCKS = YES;
				GCC_WARN_64_TO_32_BIT_CONVERSION = YES;
				GCC_WARN_ABOUT_RETURN_TYPE = YES_ERROR;
				GCC_WARN_UNDECLARED_SELECTOR = YES;
				GCC_WARN_UNINITIALIZED_AUTOS = YES_AGGRESSIVE;
				GCC_WARN_UNUSED_FUNCTION = YES;
				GCC_WARN_UNUSED_VARIABLE = YES;
				IPHONEOS_DEPLOYMENT_TARGET = 9.1;
				MTL_ENABLE_DEBUG_INFO = NO;
				SDKROOT = iphoneos;
				TARGETED_DEVICE_FAMILY = "1,2";
				VALIDATE_PRODUCT = YES;
			};
			name = Release;
		};
		947FC3DB1C2A838B00CBCFA7 /* Debug */ = {
			isa = XCBuildConfiguration;
			buildSettings = {
				ASSETCATALOG_COMPILER_APPICON_NAME = AppIcon;
				INFOPLIST_FILE = UmengShareDemo/Info.plist;
				LD_RUNPATH_SEARCH_PATHS = "$(inherited) @executable_path/Frameworks";
				PRODUCT_BUNDLE_IDENTIFIER = cn.wxy.UmengShareDemo;
				PRODUCT_NAME = "$(TARGET_NAME)";
			};
			name = Debug;
		};
		947FC3DC1C2A838B00CBCFA7 /* Release */ = {
			isa = XCBuildConfiguration;
			buildSettings = {
				ASSETCATALOG_COMPILER_APPICON_NAME = AppIcon;
				INFOPLIST_FILE = UmengShareDemo/Info.plist;
				LD_RUNPATH_SEARCH_PATHS = "$(inherited) @executable_path/Frameworks";
				PRODUCT_BUNDLE_IDENTIFIER = cn.wxy.UmengShareDemo;
				PRODUCT_NAME = "$(TARGET_NAME)";
			};
			name = Release;
		};
/* End XCBuildConfiguration section */

/* Begin XCConfigurationList section */
		947FC3BE1C2A838B00CBCFA7 /* Build configuration list for PBXProject "UmengShareDemo" */ = {
			isa = XCConfigurationList;
			buildConfigurations = (
				947FC3D81C2A838B00CBCFA7 /* Debug */,
				947FC3D91C2A838B00CBCFA7 /* Release */,
			);
			defaultConfigurationIsVisible = 0;
			defaultConfigurationName = Release;
		};
		947FC3DA1C2A838B00CBCFA7 /* Build configuration list for PBXNativeTarget "UmengShareDemo" */ = {
			isa = XCConfigurationList;
			buildConfigurations = (
				947FC3DB1C2A838B00CBCFA7 /* Debug */,
				947FC3DC1C2A838B00CBCFA7 /* Release */,
			);
			defaultConfigurationIsVisible = 0;
		};
/* End XCConfigurationList section */
	};
	rootObject = 947FC3BB1C2A838B00CBCFA7 /* Project object */;
}
